// !$*UTF8*$!
{
	archiveVersion = 1;
	classes = {
	};
	objectVersion = 55;
	objects = {

/* Begin PBXBuildFile section */
		43801CE628BCF6FC001C2048 /* Constant.swift in Sources */ = {isa = PBXBuildFile; fileRef = 43801CE528BCF6FC001C2048 /* Constant.swift */; };
		43801CE828BD067A001C2048 /* HideKeyboardExtension.swift in Sources */ = {isa = PBXBuildFile; fileRef = 43801CE728BD067A001C2048 /* HideKeyboardExtension.swift */; };
		43801CEA28BE486F001C2048 /* BackgroundImageView.swift in Sources */ = {isa = PBXBuildFile; fileRef = 43801CE928BE486F001C2048 /* BackgroundImageView.swift */; };
		43801CEC28BE499E001C2048 /* NewTaskItemView.swift in Sources */ = {isa = PBXBuildFile; fileRef = 43801CEB28BE499E001C2048 /* NewTaskItemView.swift */; };
		43FE23E728B663D100B0ABCB /* SwiftUIDevoteApp.swift in Sources */ = {isa = PBXBuildFile; fileRef = 43FE23E628B663D100B0ABCB /* SwiftUIDevoteApp.swift */; };
		43FE23E928B663D100B0ABCB /* ContentView.swift in Sources */ = {isa = PBXBuildFile; fileRef = 43FE23E828B663D100B0ABCB /* ContentView.swift */; };
		43FE23EB28B663D200B0ABCB /* Assets.xcassets in Resources */ = {isa = PBXBuildFile; fileRef = 43FE23EA28B663D200B0ABCB /* Assets.xcassets */; };
		43FE23EE28B663D200B0ABCB /* Preview Assets.xcassets in Resources */ = {isa = PBXBuildFile; fileRef = 43FE23ED28B663D200B0ABCB /* Preview Assets.xcassets */; };
		43FE23F028B663D200B0ABCB /* Persistence.swift in Sources */ = {isa = PBXBuildFile; fileRef = 43FE23EF28B663D200B0ABCB /* Persistence.swift */; };
		43FE23F328B663D200B0ABCB /* SwiftUIDevote.xcdatamodeld in Sources */ = {isa = PBXBuildFile; fileRef = 43FE23F128B663D200B0ABCB /* SwiftUIDevote.xcdatamodeld */; };
		43FE23FC28B6653800B0ABCB /* sound-tap.mp3 in Resources */ = {isa = PBXBuildFile; fileRef = 43FE23F928B6653800B0ABCB /* sound-tap.mp3 */; };
		43FE23FD28B6653800B0ABCB /* sound-rise.mp3 in Resources */ = {isa = PBXBuildFile; fileRef = 43FE23FA28B6653800B0ABCB /* sound-rise.mp3 */; };
		43FE23FE28B6653800B0ABCB /* sound-ding.mp3 in Resources */ = {isa = PBXBuildFile; fileRef = 43FE23FB28B6653800B0ABCB /* sound-ding.mp3 */; };
/* End PBXBuildFile section */

/* Begin PBXFileReference section */
		43801CE528BCF6FC001C2048 /* Constant.swift */ = {isa = PBXFileReference; lastKnownFileType = sourcecode.swift; path = Constant.swift; sourceTree = "<group>"; };
		43801CE728BD067A001C2048 /* HideKeyboardExtension.swift */ = {isa = PBXFileReference; lastKnownFileType = sourcecode.swift; path = HideKeyboardExtension.swift; sourceTree = "<group>"; };
		43801CE928BE486F001C2048 /* BackgroundImageView.swift */ = {isa = PBXFileReference; lastKnownFileType = sourcecode.swift; path = BackgroundImageView.swift; sourceTree = "<group>"; };
		43801CEB28BE499E001C2048 /* NewTaskItemView.swift */ = {isa = PBXFileReference; lastKnownFileType = sourcecode.swift; path = NewTaskItemView.swift; sourceTree = "<group>"; };
		43FE23E328B663D100B0ABCB /* SwiftUIDevote.app */ = {isa = PBXFileReference; explicitFileType = wrapper.application; includeInIndex = 0; path = SwiftUIDevote.app; sourceTree = BUILT_PRODUCTS_DIR; };
		43FE23E628B663D100B0ABCB /* SwiftUIDevoteApp.swift */ = {isa = PBXFileReference; lastKnownFileType = sourcecode.swift; path = SwiftUIDevoteApp.swift; sourceTree = "<group>"; };
		43FE23E828B663D100B0ABCB /* ContentView.swift */ = {isa = PBXFileReference; lastKnownFileType = sourcecode.swift; path = ContentView.swift; sourceTree = "<group>"; };
		43FE23EA28B663D200B0ABCB /* Assets.xcassets */ = {isa = PBXFileReference; lastKnownFileType = folder.assetcatalog; path = Assets.xcassets; sourceTree = "<group>"; };
		43FE23ED28B663D200B0ABCB /* Preview Assets.xcassets */ = {isa = PBXFileReference; lastKnownFileType = folder.assetcatalog; path = "Preview Assets.xcassets"; sourceTree = "<group>"; };
		43FE23EF28B663D200B0ABCB /* Persistence.swift */ = {isa = PBXFileReference; lastKnownFileType = sourcecode.swift; path = Persistence.swift; sourceTree = "<group>"; };
		43FE23F228B663D200B0ABCB /* SwiftUIDevote.xcdatamodel */ = {isa = PBXFileReference; lastKnownFileType = wrapper.xcdatamodel; path = SwiftUIDevote.xcdatamodel; sourceTree = "<group>"; };
		43FE23F928B6653800B0ABCB /* sound-tap.mp3 */ = {isa = PBXFileReference; lastKnownFileType = audio.mp3; path = "sound-tap.mp3"; sourceTree = "<group>"; };
		43FE23FA28B6653800B0ABCB /* sound-rise.mp3 */ = {isa = PBXFileReference; lastKnownFileType = audio.mp3; path = "sound-rise.mp3"; sourceTree = "<group>"; };
		43FE23FB28B6653800B0ABCB /* sound-ding.mp3 */ = {isa = PBXFileReference; lastKnownFileType = audio.mp3; path = "sound-ding.mp3"; sourceTree = "<group>"; };
		43FE240528B7A4E400B0ABCB /* Info.plist */ = {isa = PBXFileReference; lastKnownFileType = text.plist; path = Info.plist; sourceTree = "<group>"; };
/* End PBXFileReference section */

/* Begin PBXFrameworksBuildPhase section */
		43FE23E028B663D100B0ABCB /* Frameworks */ = {
			isa = PBXFrameworksBuildPhase;
			buildActionMask = 2147483647;
			files = (
			);
			runOnlyForDeploymentPostprocessing = 0;
		};
/* End PBXFrameworksBuildPhase section */

/* Begin PBXGroup section */
		43FE23DA28B663D100B0ABCB = {
			isa = PBXGroup;
			children = (
				43FE23E528B663D100B0ABCB /* SwiftUIDevote */,
				43FE23E428B663D100B0ABCB /* Products */,
			);
			sourceTree = "<group>";
		};
		43FE23E428B663D100B0ABCB /* Products */ = {
			isa = PBXGroup;
			children = (
				43FE23E328B663D100B0ABCB /* SwiftUIDevote.app */,
			);
			name = Products;
			sourceTree = "<group>";
		};
		43FE23E528B663D100B0ABCB /* SwiftUIDevote */ = {
			isa = PBXGroup;
			children = (
				43FE240528B7A4E400B0ABCB /* Info.plist */,
				43FE240328B7A41100B0ABCB /* Style */,
				43FE240228B7A40600B0ABCB /* Utility */,
				43FE240128B7A3F600B0ABCB /* Extension */,
				43FE23FF28B6661300B0ABCB /* Sound */,
				43FE23E628B663D100B0ABCB /* SwiftUIDevoteApp.swift */,
				43FE240028B6662500B0ABCB /* View */,
				43FE23EA28B663D200B0ABCB /* Assets.xcassets */,
				43FE240428B7A46600B0ABCB /* Model */,
				43FE23EC28B663D200B0ABCB /* Preview Content */,
			);
			path = SwiftUIDevote;
			sourceTree = "<group>";
		};
		43FE23EC28B663D200B0ABCB /* Preview Content */ = {
			isa = PBXGroup;
			children = (
				43FE23ED28B663D200B0ABCB /* Preview Assets.xcassets */,
			);
			path = "Preview Content";
			sourceTree = "<group>";
		};
		43FE23FF28B6661300B0ABCB /* Sound */ = {
			isa = PBXGroup;
			children = (
				43FE23FB28B6653800B0ABCB /* sound-ding.mp3 */,
				43FE23FA28B6653800B0ABCB /* sound-rise.mp3 */,
				43FE23F928B6653800B0ABCB /* sound-tap.mp3 */,
			);
			path = Sound;
			sourceTree = "<group>";
		};
		43FE240028B6662500B0ABCB /* View */ = {
			isa = PBXGroup;
			children = (
				43FE23E828B663D100B0ABCB /* ContentView.swift */,
				43801CE928BE486F001C2048 /* BackgroundImageView.swift */,
				43801CEB28BE499E001C2048 /* NewTaskItemView.swift */,
			);
			path = View;
			sourceTree = "<group>";
		};
		43FE240128B7A3F600B0ABCB /* Extension */ = {
			isa = PBXGroup;
			children = (
				43801CE728BD067A001C2048 /* HideKeyboardExtension.swift */,
			);
			path = Extension;
			sourceTree = "<group>";
		};
		43FE240228B7A40600B0ABCB /* Utility */ = {
			isa = PBXGroup;
			children = (
				43801CE528BCF6FC001C2048 /* Constant.swift */,
			);
			path = Utility;
			sourceTree = "<group>";
		};
		43FE240328B7A41100B0ABCB /* Style */ = {
			isa = PBXGroup;
			children = (
			);
			path = Style;
			sourceTree = "<group>";
		};
		43FE240428B7A46600B0ABCB /* Model */ = {
			isa = PBXGroup;
			children = (
				43FE23EF28B663D200B0ABCB /* Persistence.swift */,
				43FE23F128B663D200B0ABCB /* SwiftUIDevote.xcdatamodeld */,
			);
			path = Model;
			sourceTree = "<group>";
		};
/* End PBXGroup section */

/* Begin PBXNativeTarget section */
		43FE23E228B663D100B0ABCB /* SwiftUIDevote */ = {
			isa = PBXNativeTarget;
			buildConfigurationList = 43FE23F628B663D200B0ABCB /* Build configuration list for PBXNativeTarget "SwiftUIDevote" */;
			buildPhases = (
				43FE23DF28B663D100B0ABCB /* Sources */,
				43FE23E028B663D100B0ABCB /* Frameworks */,
				43FE23E128B663D100B0ABCB /* Resources */,
			);
			buildRules = (
			);
			dependencies = (
			);
			name = SwiftUIDevote;
			productName = SwiftUIDevote;
			productReference = 43FE23E328B663D100B0ABCB /* SwiftUIDevote.app */;
			productType = "com.apple.product-type.application";
		};
/* End PBXNativeTarget section */

/* Begin PBXProject section */
		43FE23DB28B663D100B0ABCB /* Project object */ = {
			isa = PBXProject;
			attributes = {
				BuildIndependentTargetsInParallel = 1;
				LastSwiftUpdateCheck = 1330;
				LastUpgradeCheck = 1330;
				TargetAttributes = {
					43FE23E228B663D100B0ABCB = {
						CreatedOnToolsVersion = 13.3.1;
					};
				};
			};
			buildConfigurationList = 43FE23DE28B663D100B0ABCB /* Build configuration list for PBXProject "SwiftUIDevote" */;
			compatibilityVersion = "Xcode 13.0";
			developmentRegion = en;
			hasScannedForEncodings = 0;
			knownRegions = (
				en,
				Base,
			);
			mainGroup = 43FE23DA28B663D100B0ABCB;
			productRefGroup = 43FE23E428B663D100B0ABCB /* Products */;
			projectDirPath = "";
			projectRoot = "";
			targets = (
				43FE23E228B663D100B0ABCB /* SwiftUIDevote */,
			);
		};
/* End PBXProject section */

/* Begin PBXResourcesBuildPhase section */
		43FE23E128B663D100B0ABCB /* Resources */ = {
			isa = PBXResourcesBuildPhase;
			buildActionMask = 2147483647;
			files = (
				43FE23FE28B6653800B0ABCB /* sound-ding.mp3 in Resources */,
				43FE23FC28B6653800B0ABCB /* sound-tap.mp3 in Resources */,
				43FE23FD28B6653800B0ABCB /* sound-rise.mp3 in Resources */,
				43FE23EE28B663D200B0ABCB /* Preview Assets.xcassets in Resources */,
				43FE23EB28B663D200B0ABCB /* Assets.xcassets in Resources */,
			);
			runOnlyForDeploymentPostprocessing = 0;
		};
/* End PBXResourcesBuildPhase section */

/* Begin PBXSourcesBuildPhase section */
		43FE23DF28B663D100B0ABCB /* Sources */ = {
			isa = PBXSourcesBuildPhase;
			buildActionMask = 2147483647;
			files = (
				43FE23F328B663D200B0ABCB /* SwiftUIDevote.xcdatamodeld in Sources */,
				43801CEA28BE486F001C2048 /* BackgroundImageView.swift in Sources */,
				43FE23F028B663D200B0ABCB /* Persistence.swift in Sources */,
				43801CE828BD067A001C2048 /* HideKeyboardExtension.swift in Sources */,
				43801CE628BCF6FC001C2048 /* Constant.swift in Sources */,
				43FE23E928B663D100B0ABCB /* ContentView.swift in Sources */,
				43FE23E728B663D100B0ABCB /* SwiftUIDevoteApp.swift in Sources */,
				43801CEC28BE499E001C2048 /* NewTaskItemView.swift in Sources */,
			);
			runOnlyForDeploymentPostprocessing = 0;
		};
/* End PBXSourcesBuildPhase section */

/* Begin XCBuildConfiguration section */
		43FE23F428B663D200B0ABCB /* Debug */ = {
			isa = XCBuildConfiguration;
			buildSettings = {
				ALWAYS_SEARCH_USER_PATHS = NO;
				CLANG_ANALYZER_NONNULL = YES;
				CLANG_ANALYZER_NUMBER_OBJECT_CONVERSION = YES_AGGRESSIVE;
				CLANG_CXX_LANGUAGE_STANDARD = "gnu++17";
				CLANG_ENABLE_MODULES = YES;
				CLANG_ENABLE_OBJC_ARC = YES;
				CLANG_ENABLE_OBJC_WEAK = YES;
				CLANG_WARN_BLOCK_CAPTURE_AUTORELEASING = YES;
				CLANG_WARN_BOOL_CONVERSION = YES;
				CLANG_WARN_COMMA = YES;
				CLANG_WARN_CONSTANT_CONVERSION = YES;
				CLANG_WARN_DEPRECATED_OBJC_IMPLEMENTATIONS = YES;
				CLANG_WARN_DIRECT_OBJC_ISA_USAGE = YES_ERROR;
				CLANG_WARN_DOCUMENTATION_COMMENTS = YES;
				CLANG_WARN_EMPTY_BODY = YES;
				CLANG_WARN_ENUM_CONVERSION = YES;
				CLANG_WARN_INFINITE_RECURSION = YES;
				CLANG_WARN_INT_CONVERSION = YES;
				CLANG_WARN_NON_LITERAL_NULL_CONVERSION = YES;
				CLANG_WARN_OBJC_IMPLICIT_RETAIN_SELF = YES;
				CLANG_WARN_OBJC_LITERAL_CONVERSION = YES;
				CLANG_WARN_OBJC_ROOT_CLASS = YES_ERROR;
				CLANG_WARN_QUOTED_INCLUDE_IN_FRAMEWORK_HEADER = YES;
				CLANG_WARN_RANGE_LOOP_ANALYSIS = YES;
				CLANG_WARN_STRICT_PROTOTYPES = YES;
				CLANG_WARN_SUSPICIOUS_MOVE = YES;
				CLANG_WARN_UNGUARDED_AVAILABILITY = YES_AGGRESSIVE;
				CLANG_WARN_UNREACHABLE_CODE = YES;
				CLANG_WARN__DUPLICATE_METHOD_MATCH = YES;
				COPY_PHASE_STRIP = NO;
				DEBUG_INFORMATION_FORMAT = dwarf;
				ENABLE_STRICT_OBJC_MSGSEND = YES;
				ENABLE_TESTABILITY = YES;
				GCC_C_LANGUAGE_STANDARD = gnu11;
				GCC_DYNAMIC_NO_PIC = NO;
				GCC_NO_COMMON_BLOCKS = YES;
				GCC_OPTIMIZATION_LEVEL = 0;
				GCC_PREPROCESSOR_DEFINITIONS = (
					"DEBUG=1",
					"$(inherited)",
				);
				GCC_WARN_64_TO_32_BIT_CONVERSION = YES;
				GCC_WARN_ABOUT_RETURN_TYPE = YES_ERROR;
				GCC_WARN_UNDECLARED_SELECTOR = YES;
				GCC_WARN_UNINITIALIZED_AUTOS = YES_AGGRESSIVE;
				GCC_WARN_UNUSED_FUNCTION = YES;
				GCC_WARN_UNUSED_VARIABLE = YES;
				IPHONEOS_DEPLOYMENT_TARGET = 15.4;
				MTL_ENABLE_DEBUG_INFO = INCLUDE_SOURCE;
				MTL_FAST_MATH = YES;
				ONLY_ACTIVE_ARCH = YES;
				SDKROOT = iphoneos;
				SWIFT_ACTIVE_COMPILATION_CONDITIONS = DEBUG;
				SWIFT_OPTIMIZATION_LEVEL = "-Onone";
			};
			name = Debug;
		};
		43FE23F528B663D200B0ABCB /* Release */ = {
			isa = XCBuildConfiguration;
			buildSettings = {
				ALWAYS_SEARCH_USER_PATHS = NO;
				CLANG_ANALYZER_NONNULL = YES;
				CLANG_ANALYZER_NUMBER_OBJECT_CONVERSION = YES_AGGRESSIVE;
				CLANG_CXX_LANGUAGE_STANDARD = "gnu++17";
				CLANG_ENABLE_MODULES = YES;
				CLANG_ENABLE_OBJC_ARC = YES;
				CLANG_ENABLE_OBJC_WEAK = YES;
				CLANG_WARN_BLOCK_CAPTURE_AUTORELEASING = YES;
				CLANG_WARN_BOOL_CONVERSION = YES;
				CLANG_WARN_COMMA = YES;
				CLANG_WARN_CONSTANT_CONVERSION = YES;
				CLANG_WARN_DEPRECATED_OBJC_IMPLEMENTATIONS = YES;
				CLANG_WARN_DIRECT_OBJC_ISA_USAGE = YES_ERROR;
				CLANG_WARN_DOCUMENTATION_COMMENTS = YES;
				CLANG_WARN_EMPTY_BODY = YES;
				CLANG_WARN_ENUM_CONVERSION = YES;
				CLANG_WARN_INFINITE_RECURSION = YES;
				CLANG_WARN_INT_CONVERSION = YES;
				CLANG_WARN_NON_LITERAL_NULL_CONVERSION = YES;
				CLANG_WARN_OBJC_IMPLICIT_RETAIN_SELF = YES;
				CLANG_WARN_OBJC_LITERAL_CONVERSION = YES;
				CLANG_WARN_OBJC_ROOT_CLASS = YES_ERROR;
				CLANG_WARN_QUOTED_INCLUDE_IN_FRAMEWORK_HEADER = YES;
				CLANG_WARN_RANGE_LOOP_ANALYSIS = YES;
				CLANG_WARN_STRICT_PROTOTYPES = YES;
				CLANG_WARN_SUSPICIOUS_MOVE = YES;
				CLANG_WARN_UNGUARDED_AVAILABILITY = YES_AGGRESSIVE;
				CLANG_WARN_UNREACHABLE_CODE = YES;
				CLANG_WARN__DUPLICATE_METHOD_MATCH = YES;
				COPY_PHASE_STRIP = NO;
				DEBUG_INFORMATION_FORMAT = "dwarf-with-dsym";
				ENABLE_NS_ASSERTIONS = NO;
				ENABLE_STRICT_OBJC_MSGSEND = YES;
				GCC_C_LANGUAGE_STANDARD = gnu11;
				GCC_NO_COMMON_BLOCKS = YES;
				GCC_WARN_64_TO_32_BIT_CONVERSION = YES;
				GCC_WARN_ABOUT_RETURN_TYPE = YES_ERROR;
				GCC_WARN_UNDECLARED_SELECTOR = YES;
				GCC_WARN_UNINITIALIZED_AUTOS = YES_AGGRESSIVE;
				GCC_WARN_UNUSED_FUNCTION = YES;
				GCC_WARN_UNUSED_VARIABLE = YES;
				IPHONEOS_DEPLOYMENT_TARGET = 15.4;
				MTL_ENABLE_DEBUG_INFO = NO;
				MTL_FAST_MATH = YES;
				SDKROOT = iphoneos;
				SWIFT_COMPILATION_MODE = wholemodule;
				SWIFT_OPTIMIZATION_LEVEL = "-O";
				VALIDATE_PRODUCT = YES;
			};
			name = Release;
		};
		43FE23F728B663D200B0ABCB /* Debug */ = {
			isa = XCBuildConfiguration;
			buildSettings = {
				ASSETCATALOG_COMPILER_APPICON_NAME = AppIcon;
				ASSETCATALOG_COMPILER_GLOBAL_ACCENT_COLOR_NAME = AccentColor;
				CODE_SIGN_STYLE = Automatic;
				CURRENT_PROJECT_VERSION = 1;
				DEVELOPMENT_ASSET_PATHS = "\"SwiftUIDevote/Preview Content\"";
				DEVELOPMENT_TEAM = LW3THBZ2Y7;
				ENABLE_PREVIEWS = YES;
				GENERATE_INFOPLIST_FILE = YES;
				INFOPLIST_FILE = SwiftUIDevote/Info.plist;
				INFOPLIST_KEY_UIApplicationSceneManifest_Generation = YES;
				INFOPLIST_KEY_UIApplicationSupportsIndirectInputEvents = YES;
				INFOPLIST_KEY_UISupportedInterfaceOrientations = UIInterfaceOrientationPortrait;
				INFOPLIST_KEY_UISupportedInterfaceOrientations_iPad = "UIInterfaceOrientationPortrait UIInterfaceOrientationPortraitUpsideDown UIInterfaceOrientationLandscapeLeft UIInterfaceOrientationLandscapeRight";
				INFOPLIST_KEY_UISupportedInterfaceOrientations_iPhone = "UIInterfaceOrientationPortrait UIInterfaceOrientationLandscapeLeft UIInterfaceOrientationLandscapeRight";
				LD_RUNPATH_SEARCH_PATHS = (
					"$(inherited)",
					"@executable_path/Frameworks",
				);
				MARKETING_VERSION = 1.0;
				PRODUCT_BUNDLE_IDENTIFIER = com.studiokaori.SwiftUIDevote;
				PRODUCT_NAME = "$(TARGET_NAME)";
				SWIFT_EMIT_LOC_STRINGS = YES;
				SWIFT_VERSION = 5.0;
				TARGETED_DEVICE_FAMILY = "1,2";
			};
			name = Debug;
		};
		43FE23F828B663D200B0ABCB /* Release */ = {
			isa = XCBuildConfiguration;
			buildSettings = {
				ASSETCATALOG_COMPILER_APPICON_NAME = AppIcon;
				ASSETCATALOG_COMPILER_GLOBAL_ACCENT_COLOR_NAME = AccentColor;
				CODE_SIGN_STYLE = Automatic;
				CURRENT_PROJECT_VERSION = 1;
				DEVELOPMENT_ASSET_PATHS = "\"SwiftUIDevote/Preview Content\"";
				DEVELOPMENT_TEAM = LW3THBZ2Y7;
				ENABLE_PREVIEWS = YES;
				GENERATE_INFOPLIST_FILE = YES;
				INFOPLIST_FILE = SwiftUIDevote/Info.plist;
				INFOPLIST_KEY_UIApplicationSceneManifest_Generation = YES;
				INFOPLIST_KEY_UIApplicationSupportsIndirectInputEvents = YES;
				INFOPLIST_KEY_UISupportedInterfaceOrientations = UIInterfaceOrientationPortrait;
				INFOPLIST_KEY_UISupportedInterfaceOrientations_iPad = "UIInterfaceOrientationPortrait UIInterfaceOrientationPortraitUpsideDown UIInterfaceOrientationLandscapeLeft UIInterfaceOrientationLandscapeRight";
				INFOPLIST_KEY_UISupportedInterfaceOrientations_iPhone = "UIInterfaceOrientationPortrait UIInterfaceOrientationLandscapeLeft UIInterfaceOrientationLandscapeRight";
				LD_RUNPATH_SEARCH_PATHS = (
					"$(inherited)",
					"@executable_path/Frameworks",
				);
				MARKETING_VERSION = 1.0;
				PRODUCT_BUNDLE_IDENTIFIER = com.studiokaori.SwiftUIDevote;
				PRODUCT_NAME = "$(TARGET_NAME)";
				SWIFT_EMIT_LOC_STRINGS = YES;
				SWIFT_VERSION = 5.0;
				TARGETED_DEVICE_FAMILY = "1,2";
			};
			name = Release;
		};
/* End XCBuildConfiguration section */

/* Begin XCConfigurationList section */
		43FE23DE28B663D100B0ABCB /* Build configuration list for PBXProject "SwiftUIDevote" */ = {
			isa = XCConfigurationList;
			buildConfigurations = (
				43FE23F428B663D200B0ABCB /* Debug */,
				43FE23F528B663D200B0ABCB /* Release */,
			);
			defaultConfigurationIsVisible = 0;
			defaultConfigurationName = Release;
		};
		43FE23F628B663D200B0ABCB /* Build configuration list for PBXNativeTarget "SwiftUIDevote" */ = {
			isa = XCConfigurationList;
			buildConfigurations = (
				43FE23F728B663D200B0ABCB /* Debug */,
				43FE23F828B663D200B0ABCB /* Release */,
			);
			defaultConfigurationIsVisible = 0;
			defaultConfigurationName = Release;
		};
/* End XCConfigurationList section */

/* Begin XCVersionGroup section */
		43FE23F128B663D200B0ABCB /* SwiftUIDevote.xcdatamodeld */ = {
			isa = XCVersionGroup;
			children = (
				43FE23F228B663D200B0ABCB /* SwiftUIDevote.xcdatamodel */,
			);
			currentVersion = 43FE23F228B663D200B0ABCB /* SwiftUIDevote.xcdatamodel */;
			path = SwiftUIDevote.xcdatamodeld;
			sourceTree = "<group>";
			versionGroupType = wrapper.xcdatamodel;
		};
/* End XCVersionGroup section */
	};
	rootObject = 43FE23DB28B663D100B0ABCB /* Project object */;
}
